
Microsoft Visual Studio Solution File, Format Version 12.00
# Visual Studio Version 17
VisualStudioVersion = 17.13.35825.156 d17.13
MinimumVisualStudioVersion = 10.0.40219.1
Project("{FAE04EC0-301F-11D3-BF4B-00C04F79EFBC}") = "BlazorMovieApp", "BlazorMovieApp\BlazorMovieApp.csproj", "{67BB40C4-EE36-446E-85DA-A9A4950D2E28}"
EndProject
Global
	GlobalSection(SolutionConfigurationPlatforms) = preSolution
		Debug|Any CPU = Debug|Any CPU
		Release|Any CPU = Release|Any CPU
	EndGlobalSection
	GlobalSection(ProjectConfigurationPlatforms) = postSolution
		{67BB40C4-EE36-446E-85DA-A9A4950D2E28}.Debug|Any CPU.ActiveCfg = Debug|Any CPU
		{67BB40C4-EE36-446E-85DA-A9A4950D2E28}.Debug|Any CPU.Build.0 = Debug|Any CPU
		{67BB40C4-EE36-446E-85DA-A9A4950D2E28}.Release|Any CPU.ActiveCfg = Release|Any CPU
		{67BB40C4-EE36-446E-85DA-A9A4950D2E28}.Release|Any CPU.Build.0 = Release|Any CPU
	EndGlobalSection
	GlobalSection(SolutionProperties) = preSolution
		HideSolutionNode = FALSE
	EndGlobalSection
	GlobalSection(ExtensibilityGlobals) = postSolution
		SolutionGuid = {EF90EDE1-0712-48F0-A459-1C28A12E6349}
	EndGlobalSection
EndGlobal
